// !$*UTF8*$!
{
	archiveVersion = 1;
	classes = {
	};
	objectVersion = 46;
	objects = {

/* Begin PBXBuildFile section */
		9B1975D4168C7F4C004A4DF6 /* UIKit.framework in Frameworks */ = {isa = PBXBuildFile; fileRef = 9B1975D3168C7F4C004A4DF6 /* UIKit.framework */; };
		9B1975D6168C7F4C004A4DF6 /* Foundation.framework in Frameworks */ = {isa = PBXBuildFile; fileRef = 9B1975D5168C7F4C004A4DF6 /* Foundation.framework */; };
		9B1975D8168C7F4C004A4DF6 /* CoreGraphics.framework in Frameworks */ = {isa = PBXBuildFile; fileRef = 9B1975D7168C7F4C004A4DF6 /* CoreGraphics.framework */; };
		9B1975DE168C7F4C004A4DF6 /* InfoPlist.strings in Resources */ = {isa = PBXBuildFile; fileRef = 9B1975DC168C7F4C004A4DF6 /* InfoPlist.strings */; };
		9B1975E0168C7F4C004A4DF6 /* main.m in Sources */ = {isa = PBXBuildFile; fileRef = 9B1975DF168C7F4C004A4DF6 /* main.m */; };
		9B1975E4168C7F4C004A4DF6 /* YPAppDelegate.m in Sources */ = {isa = PBXBuildFile; fileRef = 9B1975E3168C7F4C004A4DF6 /* YPAppDelegate.m */; };
		9B1975E6168C7F4C004A4DF6 /* Default.png in Resources */ = {isa = PBXBuildFile; fileRef = 9B1975E5168C7F4C004A4DF6 /* Default.png */; };
		9B1975E8168C7F4C004A4DF6 /* Default@2x.png in Resources */ = {isa = PBXBuildFile; fileRef = 9B1975E7168C7F4C004A4DF6 /* Default@2x.png */; };
		9B1975EA168C7F4C004A4DF6 /* Default-568h@2x.png in Resources */ = {isa = PBXBuildFile; fileRef = 9B1975E9168C7F4C004A4DF6 /* Default-568h@2x.png */; };
		9B2A0348169C1FDB00EDC6C3 /* QuartzCore.framework in Frameworks */ = {isa = PBXBuildFile; fileRef = 9B2A0347169C1FDB00EDC6C3 /* QuartzCore.framework */; };
		9B2A0358169C25F500EDC6C3 /* YPTableviewDemoViewController.m in Sources */ = {isa = PBXBuildFile; fileRef = 9B2A0357169C25F500EDC6C3 /* YPTableviewDemoViewController.m */; };
		9B2A035B169C26A100EDC6C3 /* YPDataSourceDemo.m in Sources */ = {isa = PBXBuildFile; fileRef = 9B2A035A169C26A100EDC6C3 /* YPDataSourceDemo.m */; };
		9B2A035E169C27F800EDC6C3 /* YPCellDemo.m in Sources */ = {isa = PBXBuildFile; fileRef = 9B2A035D169C27F700EDC6C3 /* YPCellDemo.m */; };
		9BB323EB1699907C00235F50 /* style_light.bundle in Resources */ = {isa = PBXBuildFile; fileRef = 9BB323EA1699907C00235F50 /* style_light.bundle */; };
		9BB324251699A8AC00235F50 /* CFNetwork.framework in Frameworks */ = {isa = PBXBuildFile; fileRef = 9BB324241699A8AC00235F50 /* CFNetwork.framework */; };
		9BB324271699A8B100235F50 /* ImageIO.framework in Frameworks */ = {isa = PBXBuildFile; fileRef = 9BB324261699A8B100235F50 /* ImageIO.framework */; };
		9BB324291699A8B800235F50 /* MapKit.framework in Frameworks */ = {isa = PBXBuildFile; fileRef = 9BB324281699A8B800235F50 /* MapKit.framework */; };
		9BB3242B1699A8F300235F50 /* SystemConfiguration.framework in Frameworks */ = {isa = PBXBuildFile; fileRef = 9BB3242A1699A8F200235F50 /* SystemConfiguration.framework */; };
		9BB3242D1699A91100235F50 /* Security.framework in Frameworks */ = {isa = PBXBuildFile; fileRef = 9BB3242C1699A91100235F50 /* Security.framework */; };
		C323558D16A3E51100721AFD /* libSYPFrameWork.a in Frameworks */ = {isa = PBXBuildFile; fileRef = 9B1975F9168C7F6D004A4DF6 /* libSYPFrameWork.a */; };
/* End PBXBuildFile section */

/* Begin PBXContainerItemProxy section */
		9B1975F8168C7F6D004A4DF6 /* PBXContainerItemProxy */ = {
			isa = PBXContainerItemProxy;
			containerPortal = 9B1975F1168C7F6D004A4DF6 /* SYPFrameWork.xcodeproj */;
			proxyType = 2;
			remoteGlobalIDString = 9B197585168C7964004A4DF6;
			remoteInfo = SYPFrameWork;
		};
		C323558B16A3E50A00721AFD /* PBXContainerItemProxy */ = {
			isa = PBXContainerItemProxy;
			containerPortal = 9B1975F1168C7F6D004A4DF6 /* SYPFrameWork.xcodeproj */;
			proxyType = 1;
			remoteGlobalIDString = 9B197584168C7964004A4DF6;
			remoteInfo = SYPFrameWork;
		};
/* End PBXContainerItemProxy section */

/* Begin PBXFileReference section */
		9B1975CF168C7F4C004A4DF6 /* SYPProjectFrameWork.app */ = {isa = PBXFileReference; explicitFileType = wrapper.application; includeInIndex = 0; path = SYPProjectFrameWork.app; sourceTree = BUILT_PRODUCTS_DIR; };
		9B1975D3168C7F4C004A4DF6 /* UIKit.framework */ = {isa = PBXFileReference; lastKnownFileType = wrapper.framework; name = UIKit.framework; path = System/Library/Frameworks/UIKit.framework; sourceTree = SDKROOT; };
		9B1975D5168C7F4C004A4DF6 /* Foundation.framework */ = {isa = PBXFileReference; lastKnownFileType = wrapper.framework; name = Foundation.framework; path = System/Library/Frameworks/Foundation.framework; sourceTree = SDKROOT; };
		9B1975D7168C7F4C004A4DF6 /* CoreGraphics.framework */ = {isa = PBXFileReference; lastKnownFileType = wrapper.framework; name = CoreGraphics.framework; path = System/Library/Frameworks/CoreGraphics.framework; sourceTree = SDKROOT; };
		9B1975DB168C7F4C004A4DF6 /* SYPProjectFrameWork-Info.plist */ = {isa = PBXFileReference; lastKnownFileType = text.plist.xml; path = "SYPProjectFrameWork-Info.plist"; sourceTree = "<group>"; };
		9B1975DD168C7F4C004A4DF6 /* en */ = {isa = PBXFileReference; lastKnownFileType = text.plist.strings; name = en; path = en.lproj/InfoPlist.strings; sourceTree = "<group>"; };
		9B1975DF168C7F4C004A4DF6 /* main.m */ = {isa = PBXFileReference; lastKnownFileType = sourcecode.c.objc; path = main.m; sourceTree = "<group>"; };
		9B1975E1168C7F4C004A4DF6 /* SYPProjectFrameWork-Prefix.pch */ = {isa = PBXFileReference; lastKnownFileType = sourcecode.c.h; path = "SYPProjectFrameWork-Prefix.pch"; sourceTree = "<group>"; };
		9B1975E2168C7F4C004A4DF6 /* YPAppDelegate.h */ = {isa = PBXFileReference; lastKnownFileType = sourcecode.c.h; path = YPAppDelegate.h; sourceTree = "<group>"; };
		9B1975E3168C7F4C004A4DF6 /* YPAppDelegate.m */ = {isa = PBXFileReference; lastKnownFileType = sourcecode.c.objc; path = YPAppDelegate.m; sourceTree = "<group>"; };
		9B1975E5168C7F4C004A4DF6 /* Default.png */ = {isa = PBXFileReference; lastKnownFileType = image.png; path = Default.png; sourceTree = "<group>"; };
		9B1975E7168C7F4C004A4DF6 /* Default@2x.png */ = {isa = PBXFileReference; lastKnownFileType = image.png; path = "Default@2x.png"; sourceTree = "<group>"; };
		9B1975E9168C7F4C004A4DF6 /* Default-568h@2x.png */ = {isa = PBXFileReference; lastKnownFileType = image.png; path = "Default-568h@2x.png"; sourceTree = "<group>"; };
		9B1975F1168C7F6D004A4DF6 /* SYPFrameWork.xcodeproj */ = {isa = PBXFileReference; lastKnownFileType = "wrapper.pb-project"; name = SYPFrameWork.xcodeproj; path = ../SYPFrameWork/SYPFrameWork.xcodeproj; sourceTree = "<group>"; };
		9B2A0347169C1FDB00EDC6C3 /* QuartzCore.framework */ = {isa = PBXFileReference; lastKnownFileType = wrapper.framework; name = QuartzCore.framework; path = System/Library/Frameworks/QuartzCore.framework; sourceTree = SDKROOT; };
		9B2A0356169C25F500EDC6C3 /* YPTableviewDemoViewController.h */ = {isa = PBXFileReference; fileEncoding = 4; lastKnownFileType = sourcecode.c.h; path = YPTableviewDemoViewController.h; sourceTree = "<group>"; };
		9B2A0357169C25F500EDC6C3 /* YPTableviewDemoViewController.m */ = {isa = PBXFileReference; fileEncoding = 4; lastKnownFileType = sourcecode.c.objc; path = YPTableviewDemoViewController.m; sourceTree = "<group>"; };
		9B2A0359169C26A100EDC6C3 /* YPDataSourceDemo.h */ = {isa = PBXFileReference; fileEncoding = 4; lastKnownFileType = sourcecode.c.h; path = YPDataSourceDemo.h; sourceTree = "<group>"; };
		9B2A035A169C26A100EDC6C3 /* YPDataSourceDemo.m */ = {isa = PBXFileReference; fileEncoding = 4; lastKnownFileType = sourcecode.c.objc; path = YPDataSourceDemo.m; sourceTree = "<group>"; };
		9B2A035C169C27F700EDC6C3 /* YPCellDemo.h */ = {isa = PBXFileReference; fileEncoding = 4; lastKnownFileType = sourcecode.c.h; path = YPCellDemo.h; sourceTree = "<group>"; };
		9B2A035D169C27F700EDC6C3 /* YPCellDemo.m */ = {isa = PBXFileReference; fileEncoding = 4; lastKnownFileType = sourcecode.c.objc; path = YPCellDemo.m; sourceTree = "<group>"; };
		9BB323EA1699907C00235F50 /* style_light.bundle */ = {isa = PBXFileReference; lastKnownFileType = "wrapper.plug-in"; path = style_light.bundle; sourceTree = "<group>"; };
		9BB324241699A8AC00235F50 /* CFNetwork.framework */ = {isa = PBXFileReference; lastKnownFileType = wrapper.framework; name = CFNetwork.framework; path = System/Library/Frameworks/CFNetwork.framework; sourceTree = SDKROOT; };
		9BB324261699A8B100235F50 /* ImageIO.framework */ = {isa = PBXFileReference; lastKnownFileType = wrapper.framework; name = ImageIO.framework; path = System/Library/Frameworks/ImageIO.framework; sourceTree = SDKROOT; };
		9BB324281699A8B800235F50 /* MapKit.framework */ = {isa = PBXFileReference; lastKnownFileType = wrapper.framework; name = MapKit.framework; path = System/Library/Frameworks/MapKit.framework; sourceTree = SDKROOT; };
		9BB3242A1699A8F200235F50 /* SystemConfiguration.framework */ = {isa = PBXFileReference; lastKnownFileType = wrapper.framework; name = SystemConfiguration.framework; path = System/Library/Frameworks/SystemConfiguration.framework; sourceTree = SDKROOT; };
		9BB3242C1699A91100235F50 /* Security.framework */ = {isa = PBXFileReference; lastKnownFileType = wrapper.framework; name = Security.framework; path = System/Library/Frameworks/Security.framework; sourceTree = SDKROOT; };
/* End PBXFileReference section */

/* Begin PBXFrameworksBuildPhase section */
		9B1975CC168C7F4C004A4DF6 /* Frameworks */ = {
			isa = PBXFrameworksBuildPhase;
			buildActionMask = 2147483647;
			files = (
				C323558D16A3E51100721AFD /* libSYPFrameWork.a in Frameworks */,
				9B2A0348169C1FDB00EDC6C3 /* QuartzCore.framework in Frameworks */,
				9BB3242D1699A91100235F50 /* Security.framework in Frameworks */,
				9BB3242B1699A8F300235F50 /* SystemConfiguration.framework in Frameworks */,
				9BB324291699A8B800235F50 /* MapKit.framework in Frameworks */,
				9BB324271699A8B100235F50 /* ImageIO.framework in Frameworks */,
				9BB324251699A8AC00235F50 /* CFNetwork.framework in Frameworks */,
				9B1975D4168C7F4C004A4DF6 /* UIKit.framework in Frameworks */,
				9B1975D6168C7F4C004A4DF6 /* Foundation.framework in Frameworks */,
				9B1975D8168C7F4C004A4DF6 /* CoreGraphics.framework in Frameworks */,
			);
			runOnlyForDeploymentPostprocessing = 0;
		};
/* End PBXFrameworksBuildPhase section */

/* Begin PBXGroup section */
		9B1975C4168C7F4C004A4DF6 = {
			isa = PBXGroup;
			children = (
				9B1975F0168C7F65004A4DF6 /* framework */,
				9B1975D9168C7F4C004A4DF6 /* SYPProjectFrameWork */,
				9B1975D2168C7F4C004A4DF6 /* Frameworks */,
				9B1975D0168C7F4C004A4DF6 /* Products */,
			);
			sourceTree = "<group>";
		};
		9B1975D0168C7F4C004A4DF6 /* Products */ = {
			isa = PBXGroup;
			children = (
				9B1975CF168C7F4C004A4DF6 /* SYPProjectFrameWork.app */,
			);
			name = Products;
			sourceTree = "<group>";
		};
		9B1975D2168C7F4C004A4DF6 /* Frameworks */ = {
			isa = PBXGroup;
			children = (
				9B2A0347169C1FDB00EDC6C3 /* QuartzCore.framework */,
				9BB3242C1699A91100235F50 /* Security.framework */,
				9BB3242A1699A8F200235F50 /* SystemConfiguration.framework */,
				9BB324281699A8B800235F50 /* MapKit.framework */,
				9BB324261699A8B100235F50 /* ImageIO.framework */,
				9BB324241699A8AC00235F50 /* CFNetwork.framework */,
				9B1975D3168C7F4C004A4DF6 /* UIKit.framework */,
				9B1975D5168C7F4C004A4DF6 /* Foundation.framework */,
				9B1975D7168C7F4C004A4DF6 /* CoreGraphics.framework */,
			);
			name = Frameworks;
			sourceTree = "<group>";
		};
		9B1975D9168C7F4C004A4DF6 /* SYPProjectFrameWork */ = {
			isa = PBXGroup;
			children = (
				9B2A0351169C23D800EDC6C3 /* class */,
				9B1975E2168C7F4C004A4DF6 /* YPAppDelegate.h */,
				9B1975E3168C7F4C004A4DF6 /* YPAppDelegate.m */,
				9B1975DA168C7F4C004A4DF6 /* Supporting Files */,
			);
			path = SYPProjectFrameWork;
			sourceTree = "<group>";
		};
		9B1975DA168C7F4C004A4DF6 /* Supporting Files */ = {
			isa = PBXGroup;
			children = (
				9BB323EA1699907C00235F50 /* style_light.bundle */,
				9B1975DB168C7F4C004A4DF6 /* SYPProjectFrameWork-Info.plist */,
				9B1975DC168C7F4C004A4DF6 /* InfoPlist.strings */,
				9B1975DF168C7F4C004A4DF6 /* main.m */,
				9B1975E1168C7F4C004A4DF6 /* SYPProjectFrameWork-Prefix.pch */,
				9B1975E5168C7F4C004A4DF6 /* Default.png */,
				9B1975E7168C7F4C004A4DF6 /* Default@2x.png */,
				9B1975E9168C7F4C004A4DF6 /* Default-568h@2x.png */,
			);
			name = "Supporting Files";
			sourceTree = "<group>";
		};
		9B1975F0168C7F65004A4DF6 /* framework */ = {
			isa = PBXGroup;
			children = (
				9B1975F1168C7F6D004A4DF6 /* SYPFrameWork.xcodeproj */,
			);
			name = framework;
			sourceTree = "<group>";
		};
		9B1975F2168C7F6D004A4DF6 /* Products */ = {
			isa = PBXGroup;
			children = (
				9B1975F9168C7F6D004A4DF6 /* libSYPFrameWork.a */,
			);
			name = Products;
			sourceTree = "<group>";
		};
		9B2A0351169C23D800EDC6C3 /* class */ = {
			isa = PBXGroup;
			children = (
				9B2A0352169C23EA00EDC6C3 /* demo */,
			);
			path = class;
			sourceTree = "<group>";
		};
		9B2A0352169C23EA00EDC6C3 /* demo */ = {
			isa = PBXGroup;
			children = (
				9B2A0356169C25F500EDC6C3 /* YPTableviewDemoViewController.h */,
				9B2A0357169C25F500EDC6C3 /* YPTableviewDemoViewController.m */,
				9B2A0359169C26A100EDC6C3 /* YPDataSourceDemo.h */,
				9B2A035A169C26A100EDC6C3 /* YPDataSourceDemo.m */,
				9B2A035C169C27F700EDC6C3 /* YPCellDemo.h */,
				9B2A035D169C27F700EDC6C3 /* YPCellDemo.m */,
			);
			path = demo;
			sourceTree = "<group>";
		};
/* End PBXGroup section */

/* Begin PBXNativeTarget section */
		9B1975CE168C7F4C004A4DF6 /* SYPProjectFrameWork */ = {
			isa = PBXNativeTarget;
			buildConfigurationList = 9B1975ED168C7F4C004A4DF6 /* Build configuration list for PBXNativeTarget "SYPProjectFrameWork" */;
			buildPhases = (
				9B1975CB168C7F4C004A4DF6 /* Sources */,
				9B1975CC168C7F4C004A4DF6 /* Frameworks */,
				9B1975CD168C7F4C004A4DF6 /* Resources */,
			);
			buildRules = (
			);
			dependencies = (
				C323558C16A3E50A00721AFD /* PBXTargetDependency */,
			);
			name = SYPProjectFrameWork;
			productName = SYPProjectFrameWork;
			productReference = 9B1975CF168C7F4C004A4DF6 /* SYPProjectFrameWork.app */;
			productType = "com.apple.product-type.application";
		};
/* End PBXNativeTarget section */

/* Begin PBXProject section */
		9B1975C6168C7F4C004A4DF6 /* Project object */ = {
			isa = PBXProject;
			attributes = {
				CLASSPREFIX = YP;
				LastUpgradeCheck = 0450;
				ORGANIZATIONNAME = sunyuping;
			};
			buildConfigurationList = 9B1975C9168C7F4C004A4DF6 /* Build configuration list for PBXProject "SYPProjectFrameWork" */;
			compatibilityVersion = "Xcode 3.2";
			developmentRegion = English;
			hasScannedForEncodings = 0;
			knownRegions = (
				en,
			);
			mainGroup = 9B1975C4168C7F4C004A4DF6;
			productRefGroup = 9B1975D0168C7F4C004A4DF6 /* Products */;
			projectDirPath = "";
			projectReferences = (
				{
					ProductGroup = 9B1975F2168C7F6D004A4DF6 /* Products */;
					ProjectRef = 9B1975F1168C7F6D004A4DF6 /* SYPFrameWork.xcodeproj */;
				},
			);
			projectRoot = "";
			targets = (
				9B1975CE168C7F4C004A4DF6 /* SYPProjectFrameWork */,
			);
		};
/* End PBXProject section */

/* Begin PBXReferenceProxy section */
		9B1975F9168C7F6D004A4DF6 /* libSYPFrameWork.a */ = {
			isa = PBXReferenceProxy;
			fileType = archive.ar;
			path = libSYPFrameWork.a;
			remoteRef = 9B1975F8168C7F6D004A4DF6 /* PBXContainerItemProxy */;
			sourceTree = BUILT_PRODUCTS_DIR;
		};
/* End PBXReferenceProxy section */

/* Begin PBXResourcesBuildPhase section */
		9B1975CD168C7F4C004A4DF6 /* Resources */ = {
			isa = PBXResourcesBuildPhase;
			buildActionMask = 2147483647;
			files = (
				9B1975DE168C7F4C004A4DF6 /* InfoPlist.strings in Resources */,
				9B1975E6168C7F4C004A4DF6 /* Default.png in Resources */,
				9B1975E8168C7F4C004A4DF6 /* Default@2x.png in Resources */,
				9B1975EA168C7F4C004A4DF6 /* Default-568h@2x.png in Resources */,
				9BB323EB1699907C00235F50 /* style_light.bundle in Resources */,
			);
			runOnlyForDeploymentPostprocessing = 0;
		};
/* End PBXResourcesBuildPhase section */

/* Begin PBXSourcesBuildPhase section */
		9B1975CB168C7F4C004A4DF6 /* Sources */ = {
			isa = PBXSourcesBuildPhase;
			buildActionMask = 2147483647;
			files = (
				9B1975E0168C7F4C004A4DF6 /* main.m in Sources */,
				9B1975E4168C7F4C004A4DF6 /* YPAppDelegate.m in Sources */,
				9B2A0358169C25F500EDC6C3 /* YPTableviewDemoViewController.m in Sources */,
				9B2A035B169C26A100EDC6C3 /* YPDataSourceDemo.m in Sources */,
				9B2A035E169C27F800EDC6C3 /* YPCellDemo.m in Sources */,
			);
			runOnlyForDeploymentPostprocessing = 0;
		};
/* End PBXSourcesBuildPhase section */

/* Begin PBXTargetDependency section */
		C323558C16A3E50A00721AFD /* PBXTargetDependency */ = {
			isa = PBXTargetDependency;
			name = SYPFrameWork;
			targetProxy = C323558B16A3E50A00721AFD /* PBXContainerItemProxy */;
		};
/* End PBXTargetDependency section */

/* Begin PBXVariantGroup section */
		9B1975DC168C7F4C004A4DF6 /* InfoPlist.strings */ = {
			isa = PBXVariantGroup;
			children = (
				9B1975DD168C7F4C004A4DF6 /* en */,
			);
			name = InfoPlist.strings;
			sourceTree = "<group>";
		};
/* End PBXVariantGroup section */

/* Begin XCBuildConfiguration section */
		9B1975EB168C7F4C004A4DF6 /* Debug */ = {
			isa = XCBuildConfiguration;
			buildSettings = {
				ALWAYS_SEARCH_USER_PATHS = NO;
				CLANG_CXX_LANGUAGE_STANDARD = "gnu++0x";
				CLANG_CXX_LIBRARY = "libc++";
				CLANG_WARN_EMPTY_BODY = YES;
				CLANG_WARN__DUPLICATE_METHOD_MATCH = YES;
				"CODE_SIGN_IDENTITY[sdk=iphoneos*]" = "iPhone Developer";
				COPY_PHASE_STRIP = NO;
				GCC_C_LANGUAGE_STANDARD = gnu99;
				GCC_DYNAMIC_NO_PIC = NO;
				GCC_OPTIMIZATION_LEVEL = 0;
				GCC_PREPROCESSOR_DEFINITIONS = (
					"DEBUG=1",
					"$(inherited)",
				);
				GCC_SYMBOLS_PRIVATE_EXTERN = NO;
				GCC_WARN_ABOUT_RETURN_TYPE = YES;
				GCC_WARN_UNINITIALIZED_AUTOS = YES;
				GCC_WARN_UNUSED_VARIABLE = YES;
				IPHONEOS_DEPLOYMENT_TARGET = 4.3;
				ONLY_ACTIVE_ARCH = YES;
				SDKROOT = iphoneos;
				TARGETED_DEVICE_FAMILY = "1,2";
			};
			name = Debug;
		};
		9B1975EC168C7F4C004A4DF6 /* Release */ = {
			isa = XCBuildConfiguration;
			buildSettings = {
				ALWAYS_SEARCH_USER_PATHS = NO;
				CLANG_CXX_LANGUAGE_STANDARD = "gnu++0x";
				CLANG_CXX_LIBRARY = "libc++";
				CLANG_WARN_EMPTY_BODY = YES;
				CLANG_WARN__DUPLICATE_METHOD_MATCH = YES;
				"CODE_SIGN_IDENTITY[sdk=iphoneos*]" = "iPhone Developer";
				COPY_PHASE_STRIP = YES;
				GCC_C_LANGUAGE_STANDARD = gnu99;
				GCC_WARN_ABOUT_RETURN_TYPE = YES;
				GCC_WARN_UNINITIALIZED_AUTOS = YES;
				GCC_WARN_UNUSED_VARIABLE = YES;
				IPHONEOS_DEPLOYMENT_TARGET = 4.3;
				OTHER_CFLAGS = "-DNS_BLOCK_ASSERTIONS=1";
				SDKROOT = iphoneos;
				TARGETED_DEVICE_FAMILY = "1,2";
				VALIDATE_PRODUCT = YES;
			};
			name = Release;
		};
		9B1975EE168C7F4C004A4DF6 /* Debug */ = {
			isa = XCBuildConfiguration;
			buildSettings = {
				CODE_SIGN_IDENTITY = "iPhone Developer";
				GCC_PRECOMPILE_PREFIX_HEADER = YES;
				GCC_PREFIX_HEADER = "SYPProjectFrameWork/SYPProjectFrameWork-Prefix.pch";
				HEADER_SEARCH_PATHS = "/Users/sunyuping/gitHub/SYPFrameWork/SYPFrameWork/**";
				INFOPLIST_FILE = "SYPProjectFrameWork/SYPProjectFrameWork-Info.plist";
				IPHONEOS_DEPLOYMENT_TARGET = 4.3;
				OTHER_LDFLAGS = (
					"-all_load",
					"-ObjC",
					"-fobjc-arc",
					"-lstdc++",
				);
				PRODUCT_NAME = "$(TARGET_NAME)";
				PROVISIONING_PROFILE = "";
				WRAPPER_EXTENSION = app;
			};
			name = Debug;
		};
		9B1975EF168C7F4C004A4DF6 /* Release */ = {
			isa = XCBuildConfiguration;
			buildSettings = {
				CODE_SIGN_IDENTITY = "iPhone Developer";
				GCC_PRECOMPILE_PREFIX_HEADER = YES;
				GCC_PREFIX_HEADER = "SYPProjectFrameWork/SYPProjectFrameWork-Prefix.pch";
				HEADER_SEARCH_PATHS = "/Users/sunyuping/gitHub/SYPFrameWork/SYPFrameWork/**";
				INFOPLIST_FILE = "SYPProjectFrameWork/SYPProjectFrameWork-Info.plist";
				IPHONEOS_DEPLOYMENT_TARGET = 4.3;
				OTHER_LDFLAGS = (
					"-all_load",
					"-ObjC",
					"-fobjc-arc",
					"-lstdc++",
				);
				PRODUCT_NAME = "$(TARGET_NAME)";
				PROVISIONING_PROFILE = "";
				WRAPPER_EXTENSION = app;
			};
			name = Release;
		};
/* End XCBuildConfiguration section */

/* Begin XCConfigurationList section */
		9B1975C9168C7F4C004A4DF6 /* Build configuration list for PBXProject "SYPProjectFrameWork" */ = {
			isa = XCConfigurationList;
			buildConfigurations = (
				9B1975EB168C7F4C004A4DF6 /* Debug */,
				9B1975EC168C7F4C004A4DF6 /* Release */,
			);
			defaultConfigurationIsVisible = 0;
			defaultConfigurationName = Release;
		};
		9B1975ED168C7F4C004A4DF6 /* Build configuration list for PBXNativeTarget "SYPProjectFrameWork" */ = {
			isa = XCConfigurationList;
			buildConfigurations = (
				9B1975EE168C7F4C004A4DF6 /* Debug */,
				9B1975EF168C7F4C004A4DF6 /* Release */,
			);
			defaultConfigurationIsVisible = 0;
			defaultConfigurationName = Release;
		};
/* End XCConfigurationList section */
	};
	rootObject = 9B1975C6168C7F4C004A4DF6 /* Project object */;
}
