// !$*UTF8*$!
{
	archiveVersion = 1;
	classes = {
	};
	objectVersion = 46;
	objects = {

/* Begin PBXBuildFile section */
		9B0B57FD159D5CE2002C720C /* UIKit.framework in Frameworks */ = {isa = PBXBuildFile; fileRef = 9B0B57FC159D5CE2002C720C /* UIKit.framework */; };
		9B0B57FF159D5CE2002C720C /* Foundation.framework in Frameworks */ = {isa = PBXBuildFile; fileRef = 9B0B57FE159D5CE2002C720C /* Foundation.framework */; };
		9B0B5801159D5CE2002C720C /* CoreGraphics.framework in Frameworks */ = {isa = PBXBuildFile; fileRef = 9B0B5800159D5CE2002C720C /* CoreGraphics.framework */; };
		9B0B5807159D5CE2002C720C /* InfoPlist.strings in Resources */ = {isa = PBXBuildFile; fileRef = 9B0B5805159D5CE2002C720C /* InfoPlist.strings */; };
		9B0B5809159D5CE2002C720C /* main.m in Sources */ = {isa = PBXBuildFile; fileRef = 9B0B5808159D5CE2002C720C /* main.m */; };
		9B0B580D159D5CE2002C720C /* SYPAppDelegate.m in Sources */ = {isa = PBXBuildFile; fileRef = 9B0B580C159D5CE2002C720C /* SYPAppDelegate.m */; };
		9B586FD6159D815000D56F46 /* SYPFrameWork.framework in Frameworks */ = {isa = PBXBuildFile; fileRef = 9B586FD0159D810500D56F46 /* SYPFrameWork.framework */; };
/* End PBXBuildFile section */

/* Begin PBXContainerItemProxy section */
		9B586FCF159D810500D56F46 /* PBXContainerItemProxy */ = {
			isa = PBXContainerItemProxy;
			containerPortal = 9B586FC8159D810400D56F46 /* SYPFrameWork.xcodeproj */;
			proxyType = 2;
			remoteGlobalIDString = 9B0B5785159D5AEE002C720C;
			remoteInfo = SYPFrameWork;
		};
/* End PBXContainerItemProxy section */

/* Begin PBXFileReference section */
		9B0B57F8159D5CE2002C720C /* TestSYPFrameWork.app */ = {isa = PBXFileReference; explicitFileType = wrapper.application; includeInIndex = 0; path = TestSYPFrameWork.app; sourceTree = BUILT_PRODUCTS_DIR; };
		9B0B57FC159D5CE2002C720C /* UIKit.framework */ = {isa = PBXFileReference; lastKnownFileType = wrapper.framework; name = UIKit.framework; path = System/Library/Frameworks/UIKit.framework; sourceTree = SDKROOT; };
		9B0B57FE159D5CE2002C720C /* Foundation.framework */ = {isa = PBXFileReference; lastKnownFileType = wrapper.framework; name = Foundation.framework; path = System/Library/Frameworks/Foundation.framework; sourceTree = SDKROOT; };
		9B0B5800159D5CE2002C720C /* CoreGraphics.framework */ = {isa = PBXFileReference; lastKnownFileType = wrapper.framework; name = CoreGraphics.framework; path = System/Library/Frameworks/CoreGraphics.framework; sourceTree = SDKROOT; };
		9B0B5804159D5CE2002C720C /* TestSYPFrameWork-Info.plist */ = {isa = PBXFileReference; lastKnownFileType = text.plist.xml; path = "TestSYPFrameWork-Info.plist"; sourceTree = "<group>"; };
		9B0B5806159D5CE2002C720C /* en */ = {isa = PBXFileReference; lastKnownFileType = text.plist.strings; name = en; path = en.lproj/InfoPlist.strings; sourceTree = "<group>"; };
		9B0B5808159D5CE2002C720C /* main.m */ = {isa = PBXFileReference; lastKnownFileType = sourcecode.c.objc; path = main.m; sourceTree = "<group>"; };
		9B0B580A159D5CE2002C720C /* TestSYPFrameWork-Prefix.pch */ = {isa = PBXFileReference; lastKnownFileType = sourcecode.c.h; path = "TestSYPFrameWork-Prefix.pch"; sourceTree = "<group>"; };
		9B0B580B159D5CE2002C720C /* SYPAppDelegate.h */ = {isa = PBXFileReference; lastKnownFileType = sourcecode.c.h; path = SYPAppDelegate.h; sourceTree = "<group>"; };
		9B0B580C159D5CE2002C720C /* SYPAppDelegate.m */ = {isa = PBXFileReference; lastKnownFileType = sourcecode.c.objc; path = SYPAppDelegate.m; sourceTree = "<group>"; };
		9B586FC8159D810400D56F46 /* SYPFrameWork.xcodeproj */ = {isa = PBXFileReference; lastKnownFileType = "wrapper.pb-project"; name = SYPFrameWork.xcodeproj; path = ../SYPFrameWork.xcodeproj; sourceTree = "<group>"; };
/* End PBXFileReference section */

/* Begin PBXFrameworksBuildPhase section */
		9B0B57F5159D5CE2002C720C /* Frameworks */ = {
			isa = PBXFrameworksBuildPhase;
			buildActionMask = 2147483647;
			files = (
				9B586FD6159D815000D56F46 /* SYPFrameWork.framework in Frameworks */,
				9B0B57FD159D5CE2002C720C /* UIKit.framework in Frameworks */,
				9B0B57FF159D5CE2002C720C /* Foundation.framework in Frameworks */,
				9B0B5801159D5CE2002C720C /* CoreGraphics.framework in Frameworks */,
			);
			runOnlyForDeploymentPostprocessing = 0;
		};
/* End PBXFrameworksBuildPhase section */

/* Begin PBXGroup section */
		9B0B57ED159D5CE2002C720C = {
			isa = PBXGroup;
			children = (
				9B0B5802159D5CE2002C720C /* TestSYPFrameWork */,
				9B0B57FB159D5CE2002C720C /* Frameworks */,
				9B0B57F9159D5CE2002C720C /* Products */,
			);
			sourceTree = "<group>";
		};
		9B0B57F9159D5CE2002C720C /* Products */ = {
			isa = PBXGroup;
			children = (
				9B0B57F8159D5CE2002C720C /* TestSYPFrameWork.app */,
			);
			name = Products;
			sourceTree = "<group>";
		};
		9B0B57FB159D5CE2002C720C /* Frameworks */ = {
			isa = PBXGroup;
			children = (
				9B586FC8159D810400D56F46 /* SYPFrameWork.xcodeproj */,
				9B0B57FC159D5CE2002C720C /* UIKit.framework */,
				9B0B57FE159D5CE2002C720C /* Foundation.framework */,
				9B0B5800159D5CE2002C720C /* CoreGraphics.framework */,
			);
			name = Frameworks;
			sourceTree = "<group>";
		};
		9B0B5802159D5CE2002C720C /* TestSYPFrameWork */ = {
			isa = PBXGroup;
			children = (
				9B0B580B159D5CE2002C720C /* SYPAppDelegate.h */,
				9B0B580C159D5CE2002C720C /* SYPAppDelegate.m */,
				9B0B5803159D5CE2002C720C /* Supporting Files */,
			);
			path = TestSYPFrameWork;
			sourceTree = "<group>";
		};
		9B0B5803159D5CE2002C720C /* Supporting Files */ = {
			isa = PBXGroup;
			children = (
				9B0B5804159D5CE2002C720C /* TestSYPFrameWork-Info.plist */,
				9B0B5805159D5CE2002C720C /* InfoPlist.strings */,
				9B0B5808159D5CE2002C720C /* main.m */,
				9B0B580A159D5CE2002C720C /* TestSYPFrameWork-Prefix.pch */,
			);
			name = "Supporting Files";
			sourceTree = "<group>";
		};
		9B586FC9159D810400D56F46 /* Products */ = {
			isa = PBXGroup;
			children = (
				9B586FD0159D810500D56F46 /* SYPFrameWork.framework */,
			);
			name = Products;
			sourceTree = "<group>";
		};
/* End PBXGroup section */

/* Begin PBXNativeTarget section */
		9B0B57F7159D5CE2002C720C /* TestSYPFrameWork */ = {
			isa = PBXNativeTarget;
			buildConfigurationList = 9B0B5810159D5CE2002C720C /* Build configuration list for PBXNativeTarget "TestSYPFrameWork" */;
			buildPhases = (
				9B0B57F4159D5CE2002C720C /* Sources */,
				9B0B57F5159D5CE2002C720C /* Frameworks */,
				9B0B57F6159D5CE2002C720C /* Resources */,
			);
			buildRules = (
			);
			dependencies = (
			);
			name = TestSYPFrameWork;
			productName = TestSYPFrameWork;
			productReference = 9B0B57F8159D5CE2002C720C /* TestSYPFrameWork.app */;
			productType = "com.apple.product-type.application";
		};
/* End PBXNativeTarget section */

/* Begin PBXProject section */
		9B0B57EF159D5CE2002C720C /* Project object */ = {
			isa = PBXProject;
			attributes = {
				CLASSPREFIX = SYP;
				LastUpgradeCheck = 0430;
				ORGANIZATIONNAME = RenRen.com;
			};
			buildConfigurationList = 9B0B57F2159D5CE2002C720C /* Build configuration list for PBXProject "TestSYPFrameWork" */;
			compatibilityVersion = "Xcode 3.2";
			developmentRegion = English;
			hasScannedForEncodings = 0;
			knownRegions = (
				en,
			);
			mainGroup = 9B0B57ED159D5CE2002C720C;
			productRefGroup = 9B0B57F9159D5CE2002C720C /* Products */;
			projectDirPath = "";
			projectReferences = (
				{
					ProductGroup = 9B586FC9159D810400D56F46 /* Products */;
					ProjectRef = 9B586FC8159D810400D56F46 /* SYPFrameWork.xcodeproj */;
				},
			);
			projectRoot = "";
			targets = (
				9B0B57F7159D5CE2002C720C /* TestSYPFrameWork */,
			);
		};
/* End PBXProject section */

/* Begin PBXReferenceProxy section */
		9B586FD0159D810500D56F46 /* SYPFrameWork.framework */ = {
			isa = PBXReferenceProxy;
			fileType = wrapper.framework.static;
			path = SYPFrameWork.framework;
			remoteRef = 9B586FCF159D810500D56F46 /* PBXContainerItemProxy */;
			sourceTree = BUILT_PRODUCTS_DIR;
		};
/* End PBXReferenceProxy section */

/* Begin PBXResourcesBuildPhase section */
		9B0B57F6159D5CE2002C720C /* Resources */ = {
			isa = PBXResourcesBuildPhase;
			buildActionMask = 2147483647;
			files = (
				9B0B5807159D5CE2002C720C /* InfoPlist.strings in Resources */,
			);
			runOnlyForDeploymentPostprocessing = 0;
		};
/* End PBXResourcesBuildPhase section */

/* Begin PBXSourcesBuildPhase section */
		9B0B57F4159D5CE2002C720C /* Sources */ = {
			isa = PBXSourcesBuildPhase;
			buildActionMask = 2147483647;
			files = (
				9B0B5809159D5CE2002C720C /* main.m in Sources */,
				9B0B580D159D5CE2002C720C /* SYPAppDelegate.m in Sources */,
			);
			runOnlyForDeploymentPostprocessing = 0;
		};
/* End PBXSourcesBuildPhase section */

/* Begin PBXVariantGroup section */
		9B0B5805159D5CE2002C720C /* InfoPlist.strings */ = {
			isa = PBXVariantGroup;
			children = (
				9B0B5806159D5CE2002C720C /* en */,
			);
			name = InfoPlist.strings;
			sourceTree = "<group>";
		};
/* End PBXVariantGroup section */

/* Begin XCBuildConfiguration section */
		9B0B580E159D5CE2002C720C /* Debug */ = {
			isa = XCBuildConfiguration;
			buildSettings = {
				ALWAYS_SEARCH_USER_PATHS = NO;
				ARCHS = "$(ARCHS_STANDARD_32_BIT)";
				"CODE_SIGN_IDENTITY[sdk=iphoneos*]" = "iPhone Developer";
				COPY_PHASE_STRIP = NO;
				GCC_C_LANGUAGE_STANDARD = gnu99;
				GCC_DYNAMIC_NO_PIC = NO;
				GCC_OPTIMIZATION_LEVEL = 0;
				GCC_PREPROCESSOR_DEFINITIONS = (
					"DEBUG=1",
					"$(inherited)",
				);
				GCC_SYMBOLS_PRIVATE_EXTERN = NO;
				GCC_VERSION = com.apple.compilers.llvm.clang.1_0;
				GCC_WARN_ABOUT_RETURN_TYPE = YES;
				GCC_WARN_UNINITIALIZED_AUTOS = YES;
				GCC_WARN_UNUSED_VARIABLE = YES;
				IPHONEOS_DEPLOYMENT_TARGET = 5.1;
				SDKROOT = iphoneos;
			};
			name = Debug;
		};
		9B0B580F159D5CE2002C720C /* Release */ = {
			isa = XCBuildConfiguration;
			buildSettings = {
				ALWAYS_SEARCH_USER_PATHS = NO;
				ARCHS = "$(ARCHS_STANDARD_32_BIT)";
				"CODE_SIGN_IDENTITY[sdk=iphoneos*]" = "iPhone Developer";
				COPY_PHASE_STRIP = YES;
				GCC_C_LANGUAGE_STANDARD = gnu99;
				GCC_VERSION = com.apple.compilers.llvm.clang.1_0;
				GCC_WARN_ABOUT_RETURN_TYPE = YES;
				GCC_WARN_UNINITIALIZED_AUTOS = YES;
				GCC_WARN_UNUSED_VARIABLE = YES;
				IPHONEOS_DEPLOYMENT_TARGET = 5.1;
				OTHER_CFLAGS = "-DNS_BLOCK_ASSERTIONS=1";
				SDKROOT = iphoneos;
				VALIDATE_PRODUCT = YES;
			};
			name = Release;
		};
		9B0B5811159D5CE2002C720C /* Debug */ = {
			isa = XCBuildConfiguration;
			buildSettings = {
				FRAMEWORK_SEARCH_PATHS = (
					"$(inherited)",
					"\"$(SRCROOT)/..\"",
				);
				GCC_PRECOMPILE_PREFIX_HEADER = YES;
				GCC_PREFIX_HEADER = "TestSYPFrameWork/TestSYPFrameWork-Prefix.pch";
				INFOPLIST_FILE = "TestSYPFrameWork/TestSYPFrameWork-Info.plist";
				PRODUCT_NAME = "$(TARGET_NAME)";
				WRAPPER_EXTENSION = app;
			};
			name = Debug;
		};
		9B0B5812159D5CE2002C720C /* Release */ = {
			isa = XCBuildConfiguration;
			buildSettings = {
				FRAMEWORK_SEARCH_PATHS = (
					"$(inherited)",
					"\"$(SRCROOT)/..\"",
				);
				GCC_PRECOMPILE_PREFIX_HEADER = YES;
				GCC_PREFIX_HEADER = "TestSYPFrameWork/TestSYPFrameWork-Prefix.pch";
				INFOPLIST_FILE = "TestSYPFrameWork/TestSYPFrameWork-Info.plist";
				PRODUCT_NAME = "$(TARGET_NAME)";
				WRAPPER_EXTENSION = app;
			};
			name = Release;
		};
/* End XCBuildConfiguration section */

/* Begin XCConfigurationList section */
		9B0B57F2159D5CE2002C720C /* Build configuration list for PBXProject "TestSYPFrameWork" */ = {
			isa = XCConfigurationList;
			buildConfigurations = (
				9B0B580E159D5CE2002C720C /* Debug */,
				9B0B580F159D5CE2002C720C /* Release */,
			);
			defaultConfigurationIsVisible = 0;
			defaultConfigurationName = Release;
		};
		9B0B5810159D5CE2002C720C /* Build configuration list for PBXNativeTarget "TestSYPFrameWork" */ = {
			isa = XCConfigurationList;
			buildConfigurations = (
				9B0B5811159D5CE2002C720C /* Debug */,
				9B0B5812159D5CE2002C720C /* Release */,
			);
			defaultConfigurationIsVisible = 0;
			defaultConfigurationName = Release;
		};
/* End XCConfigurationList section */
	};
	rootObject = 9B0B57EF159D5CE2002C720C /* Project object */;
}
