// !$*UTF8*$!
{
	archiveVersion = 1;
	classes = {
	};
	objectVersion = 46;
	objects = {

/* Begin PBXBuildFile section */
		9B426607159E14C1004BDEC5 /* libz.dylib in Frameworks */ = {isa = PBXBuildFile; fileRef = 9B426606159E14C1004BDEC5 /* libz.dylib */; };
		9B426609159E14C8004BDEC5 /* libc++.dylib in Frameworks */ = {isa = PBXBuildFile; fileRef = 9B426608159E14C8004BDEC5 /* libc++.dylib */; };
		9B4D2D9F15A1956C0010A9FE /* SYPImagePickerController.m in Sources */ = {isa = PBXBuildFile; fileRef = 9B4D2D9E15A1956C0010A9FE /* SYPImagePickerController.m */; };
		9BA8281E159D9F4500CEA110 /* UIKit.framework in Frameworks */ = {isa = PBXBuildFile; fileRef = 9BA8281D159D9F4500CEA110 /* UIKit.framework */; };
		9BA82820159D9F4500CEA110 /* Foundation.framework in Frameworks */ = {isa = PBXBuildFile; fileRef = 9BA8281F159D9F4500CEA110 /* Foundation.framework */; };
		9BA82822159D9F4500CEA110 /* CoreGraphics.framework in Frameworks */ = {isa = PBXBuildFile; fileRef = 9BA82821159D9F4500CEA110 /* CoreGraphics.framework */; };
		9BA82828159D9F4500CEA110 /* InfoPlist.strings in Resources */ = {isa = PBXBuildFile; fileRef = 9BA82826159D9F4500CEA110 /* InfoPlist.strings */; };
		9BA8282A159D9F4500CEA110 /* main.m in Sources */ = {isa = PBXBuildFile; fileRef = 9BA82829159D9F4500CEA110 /* main.m */; };
		9BA8282E159D9F4500CEA110 /* SYPAppDelegate.m in Sources */ = {isa = PBXBuildFile; fileRef = 9BA8282D159D9F4500CEA110 /* SYPAppDelegate.m */; };
		9BA8283D159D9F5400CEA110 /* SYPFrameWork.framework in Frameworks */ = {isa = PBXBuildFile; fileRef = 9BA8283C159D9F4C00CEA110 /* SYPFrameWork.framework */; };
		9BA82C7A159DB11700CEA110 /* GPUImage.framework in Frameworks */ = {isa = PBXBuildFile; fileRef = 9BA82C79159DB10800CEA110 /* GPUImage.framework */; };
		9BA82C7C159DB19000CEA110 /* CoreMedia.framework in Frameworks */ = {isa = PBXBuildFile; fileRef = 9BA82C7B159DB19000CEA110 /* CoreMedia.framework */; };
		9BA82C7E159DB19800CEA110 /* CoreVideo.framework in Frameworks */ = {isa = PBXBuildFile; fileRef = 9BA82C7D159DB19800CEA110 /* CoreVideo.framework */; };
		9BA82C80159DB1A000CEA110 /* OpenGLES.framework in Frameworks */ = {isa = PBXBuildFile; fileRef = 9BA82C7F159DB1A000CEA110 /* OpenGLES.framework */; };
		9BA82C82159DB1AA00CEA110 /* QuartzCore.framework in Frameworks */ = {isa = PBXBuildFile; fileRef = 9BA82C81159DB1AA00CEA110 /* QuartzCore.framework */; };
		9BA82C84159DB1B000CEA110 /* AVFoundation.framework in Frameworks */ = {isa = PBXBuildFile; fileRef = 9BA82C83159DB1B000CEA110 /* AVFoundation.framework */; };
		9BA82C8A159DB25800CEA110 /* SYPTestGPUImageViewController.m in Sources */ = {isa = PBXBuildFile; fileRef = 9BA82C89159DB25800CEA110 /* SYPTestGPUImageViewController.m */; };
/* End PBXBuildFile section */

/* Begin PBXContainerItemProxy section */
		9BA8283B159D9F4C00CEA110 /* PBXContainerItemProxy */ = {
			isa = PBXContainerItemProxy;
			containerPortal = 9BA82834159D9F4C00CEA110 /* SYPFrameWork.xcodeproj */;
			proxyType = 2;
			remoteGlobalIDString = 9B0B5785159D5AEE002C720C;
			remoteInfo = SYPFrameWork;
		};
		9BA82C78159DB10800CEA110 /* PBXContainerItemProxy */ = {
			isa = PBXContainerItemProxy;
			containerPortal = 9BA82C71159DB10800CEA110 /* GPUImage.xcodeproj */;
			proxyType = 2;
			remoteGlobalIDString = 9BA82A9E159DAE5400CEA110;
			remoteInfo = GPUImage;
		};
/* End PBXContainerItemProxy section */

/* Begin PBXFileReference section */
		9B426606159E14C1004BDEC5 /* libz.dylib */ = {isa = PBXFileReference; lastKnownFileType = "compiled.mach-o.dylib"; name = libz.dylib; path = usr/lib/libz.dylib; sourceTree = SDKROOT; };
		9B426608159E14C8004BDEC5 /* libc++.dylib */ = {isa = PBXFileReference; lastKnownFileType = "compiled.mach-o.dylib"; name = "libc++.dylib"; path = "usr/lib/libc++.dylib"; sourceTree = SDKROOT; };
		9B4D2D9D15A1956C0010A9FE /* SYPImagePickerController.h */ = {isa = PBXFileReference; fileEncoding = 4; lastKnownFileType = sourcecode.c.h; path = SYPImagePickerController.h; sourceTree = "<group>"; };
		9B4D2D9E15A1956C0010A9FE /* SYPImagePickerController.m */ = {isa = PBXFileReference; fileEncoding = 4; lastKnownFileType = sourcecode.c.objc; path = SYPImagePickerController.m; sourceTree = "<group>"; };
		9BA82819159D9F4500CEA110 /* TestSYPFramework.app */ = {isa = PBXFileReference; explicitFileType = wrapper.application; includeInIndex = 0; path = TestSYPFramework.app; sourceTree = BUILT_PRODUCTS_DIR; };
		9BA8281D159D9F4500CEA110 /* UIKit.framework */ = {isa = PBXFileReference; lastKnownFileType = wrapper.framework; name = UIKit.framework; path = System/Library/Frameworks/UIKit.framework; sourceTree = SDKROOT; };
		9BA8281F159D9F4500CEA110 /* Foundation.framework */ = {isa = PBXFileReference; lastKnownFileType = wrapper.framework; name = Foundation.framework; path = System/Library/Frameworks/Foundation.framework; sourceTree = SDKROOT; };
		9BA82821159D9F4500CEA110 /* CoreGraphics.framework */ = {isa = PBXFileReference; lastKnownFileType = wrapper.framework; name = CoreGraphics.framework; path = System/Library/Frameworks/CoreGraphics.framework; sourceTree = SDKROOT; };
		9BA82825159D9F4500CEA110 /* TestSYPFramework-Info.plist */ = {isa = PBXFileReference; lastKnownFileType = text.plist.xml; path = "TestSYPFramework-Info.plist"; sourceTree = "<group>"; };
		9BA82827159D9F4500CEA110 /* en */ = {isa = PBXFileReference; lastKnownFileType = text.plist.strings; name = en; path = en.lproj/InfoPlist.strings; sourceTree = "<group>"; };
		9BA82829159D9F4500CEA110 /* main.m */ = {isa = PBXFileReference; lastKnownFileType = sourcecode.c.objc; path = main.m; sourceTree = "<group>"; };
		9BA8282B159D9F4500CEA110 /* TestSYPFramework-Prefix.pch */ = {isa = PBXFileReference; lastKnownFileType = sourcecode.c.h; path = "TestSYPFramework-Prefix.pch"; sourceTree = "<group>"; };
		9BA8282C159D9F4500CEA110 /* SYPAppDelegate.h */ = {isa = PBXFileReference; lastKnownFileType = sourcecode.c.h; path = SYPAppDelegate.h; sourceTree = "<group>"; };
		9BA8282D159D9F4500CEA110 /* SYPAppDelegate.m */ = {isa = PBXFileReference; lastKnownFileType = sourcecode.c.objc; path = SYPAppDelegate.m; sourceTree = "<group>"; };
		9BA82834159D9F4C00CEA110 /* SYPFrameWork.xcodeproj */ = {isa = PBXFileReference; lastKnownFileType = "wrapper.pb-project"; name = SYPFrameWork.xcodeproj; path = ../SYPFrameWork.xcodeproj; sourceTree = "<group>"; };
		9BA82C71159DB10800CEA110 /* GPUImage.xcodeproj */ = {isa = PBXFileReference; lastKnownFileType = "wrapper.pb-project"; name = GPUImage.xcodeproj; path = ../GPUImage_framework/GPUImage/GPUImage.xcodeproj; sourceTree = "<group>"; };
		9BA82C7B159DB19000CEA110 /* CoreMedia.framework */ = {isa = PBXFileReference; lastKnownFileType = wrapper.framework; name = CoreMedia.framework; path = System/Library/Frameworks/CoreMedia.framework; sourceTree = SDKROOT; };
		9BA82C7D159DB19800CEA110 /* CoreVideo.framework */ = {isa = PBXFileReference; lastKnownFileType = wrapper.framework; name = CoreVideo.framework; path = System/Library/Frameworks/CoreVideo.framework; sourceTree = SDKROOT; };
		9BA82C7F159DB1A000CEA110 /* OpenGLES.framework */ = {isa = PBXFileReference; lastKnownFileType = wrapper.framework; name = OpenGLES.framework; path = System/Library/Frameworks/OpenGLES.framework; sourceTree = SDKROOT; };
		9BA82C81159DB1AA00CEA110 /* QuartzCore.framework */ = {isa = PBXFileReference; lastKnownFileType = wrapper.framework; name = QuartzCore.framework; path = System/Library/Frameworks/QuartzCore.framework; sourceTree = SDKROOT; };
		9BA82C83159DB1B000CEA110 /* AVFoundation.framework */ = {isa = PBXFileReference; lastKnownFileType = wrapper.framework; name = AVFoundation.framework; path = System/Library/Frameworks/AVFoundation.framework; sourceTree = SDKROOT; };
		9BA82C88159DB25800CEA110 /* SYPTestGPUImageViewController.h */ = {isa = PBXFileReference; fileEncoding = 4; lastKnownFileType = sourcecode.c.h; path = SYPTestGPUImageViewController.h; sourceTree = "<group>"; };
		9BA82C89159DB25800CEA110 /* SYPTestGPUImageViewController.m */ = {isa = PBXFileReference; fileEncoding = 4; lastKnownFileType = sourcecode.c.objc; path = SYPTestGPUImageViewController.m; sourceTree = "<group>"; };
/* End PBXFileReference section */

/* Begin PBXFrameworksBuildPhase section */
		9BA82816159D9F4500CEA110 /* Frameworks */ = {
			isa = PBXFrameworksBuildPhase;
			buildActionMask = 2147483647;
			files = (
				9B426609159E14C8004BDEC5 /* libc++.dylib in Frameworks */,
				9B426607159E14C1004BDEC5 /* libz.dylib in Frameworks */,
				9BA82C84159DB1B000CEA110 /* AVFoundation.framework in Frameworks */,
				9BA82C82159DB1AA00CEA110 /* QuartzCore.framework in Frameworks */,
				9BA82C80159DB1A000CEA110 /* OpenGLES.framework in Frameworks */,
				9BA82C7E159DB19800CEA110 /* CoreVideo.framework in Frameworks */,
				9BA82C7C159DB19000CEA110 /* CoreMedia.framework in Frameworks */,
				9BA82C7A159DB11700CEA110 /* GPUImage.framework in Frameworks */,
				9BA8283D159D9F5400CEA110 /* SYPFrameWork.framework in Frameworks */,
				9BA8281E159D9F4500CEA110 /* UIKit.framework in Frameworks */,
				9BA82820159D9F4500CEA110 /* Foundation.framework in Frameworks */,
				9BA82822159D9F4500CEA110 /* CoreGraphics.framework in Frameworks */,
			);
			runOnlyForDeploymentPostprocessing = 0;
		};
/* End PBXFrameworksBuildPhase section */

/* Begin PBXGroup section */
		9BA8280E159D9F4500CEA110 = {
			isa = PBXGroup;
			children = (
				9B426608159E14C8004BDEC5 /* libc++.dylib */,
				9B426606159E14C1004BDEC5 /* libz.dylib */,
				9BA82823159D9F4500CEA110 /* TestSYPFramework */,
				9BA8281C159D9F4500CEA110 /* Frameworks */,
				9BA8281A159D9F4500CEA110 /* Products */,
			);
			sourceTree = "<group>";
		};
		9BA8281A159D9F4500CEA110 /* Products */ = {
			isa = PBXGroup;
			children = (
				9BA82819159D9F4500CEA110 /* TestSYPFramework.app */,
			);
			name = Products;
			sourceTree = "<group>";
		};
		9BA8281C159D9F4500CEA110 /* Frameworks */ = {
			isa = PBXGroup;
			children = (
				9BA82C71159DB10800CEA110 /* GPUImage.xcodeproj */,
				9BA82834159D9F4C00CEA110 /* SYPFrameWork.xcodeproj */,
				9BA82C83159DB1B000CEA110 /* AVFoundation.framework */,
				9BA82C81159DB1AA00CEA110 /* QuartzCore.framework */,
				9BA82C7F159DB1A000CEA110 /* OpenGLES.framework */,
				9BA82C7D159DB19800CEA110 /* CoreVideo.framework */,
				9BA82C7B159DB19000CEA110 /* CoreMedia.framework */,
				9BA8281D159D9F4500CEA110 /* UIKit.framework */,
				9BA8281F159D9F4500CEA110 /* Foundation.framework */,
				9BA82821159D9F4500CEA110 /* CoreGraphics.framework */,
			);
			name = Frameworks;
			sourceTree = "<group>";
		};
		9BA82823159D9F4500CEA110 /* TestSYPFramework */ = {
			isa = PBXGroup;
			children = (
				9BA8282C159D9F4500CEA110 /* SYPAppDelegate.h */,
				9BA8282D159D9F4500CEA110 /* SYPAppDelegate.m */,
				9BA82C88159DB25800CEA110 /* SYPTestGPUImageViewController.h */,
				9BA82C89159DB25800CEA110 /* SYPTestGPUImageViewController.m */,
				9B4D2D9D15A1956C0010A9FE /* SYPImagePickerController.h */,
				9B4D2D9E15A1956C0010A9FE /* SYPImagePickerController.m */,
				9BA82824159D9F4500CEA110 /* Supporting Files */,
			);
			path = TestSYPFramework;
			sourceTree = "<group>";
		};
		9BA82824159D9F4500CEA110 /* Supporting Files */ = {
			isa = PBXGroup;
			children = (
				9BA82825159D9F4500CEA110 /* TestSYPFramework-Info.plist */,
				9BA82826159D9F4500CEA110 /* InfoPlist.strings */,
				9BA82829159D9F4500CEA110 /* main.m */,
				9BA8282B159D9F4500CEA110 /* TestSYPFramework-Prefix.pch */,
			);
			name = "Supporting Files";
			sourceTree = "<group>";
		};
		9BA82835159D9F4C00CEA110 /* Products */ = {
			isa = PBXGroup;
			children = (
				9BA8283C159D9F4C00CEA110 /* SYPFrameWork.framework */,
			);
			name = Products;
			sourceTree = "<group>";
		};
		9BA82C72159DB10800CEA110 /* Products */ = {
			isa = PBXGroup;
			children = (
				9BA82C79159DB10800CEA110 /* GPUImage.framework */,
			);
			name = Products;
			sourceTree = "<group>";
		};
/* End PBXGroup section */

/* Begin PBXNativeTarget section */
		9BA82818159D9F4500CEA110 /* TestSYPFramework */ = {
			isa = PBXNativeTarget;
			buildConfigurationList = 9BA82831159D9F4500CEA110 /* Build configuration list for PBXNativeTarget "TestSYPFramework" */;
			buildPhases = (
				9BA82815159D9F4500CEA110 /* Sources */,
				9BA82816159D9F4500CEA110 /* Frameworks */,
				9BA82817159D9F4500CEA110 /* Resources */,
			);
			buildRules = (
			);
			dependencies = (
			);
			name = TestSYPFramework;
			productName = TestSYPFramework;
			productReference = 9BA82819159D9F4500CEA110 /* TestSYPFramework.app */;
			productType = "com.apple.product-type.application";
		};
/* End PBXNativeTarget section */

/* Begin PBXProject section */
		9BA82810159D9F4500CEA110 /* Project object */ = {
			isa = PBXProject;
			attributes = {
				CLASSPREFIX = SYP;
				LastUpgradeCheck = 0430;
				ORGANIZATIONNAME = RenRen.com;
			};
			buildConfigurationList = 9BA82813159D9F4500CEA110 /* Build configuration list for PBXProject "TestSYPFrameWork" */;
			compatibilityVersion = "Xcode 3.2";
			developmentRegion = English;
			hasScannedForEncodings = 0;
			knownRegions = (
				en,
			);
			mainGroup = 9BA8280E159D9F4500CEA110;
			productRefGroup = 9BA8281A159D9F4500CEA110 /* Products */;
			projectDirPath = "";
			projectReferences = (
				{
					ProductGroup = 9BA82C72159DB10800CEA110 /* Products */;
					ProjectRef = 9BA82C71159DB10800CEA110 /* GPUImage.xcodeproj */;
				},
				{
					ProductGroup = 9BA82835159D9F4C00CEA110 /* Products */;
					ProjectRef = 9BA82834159D9F4C00CEA110 /* SYPFrameWork.xcodeproj */;
				},
			);
			projectRoot = "";
			targets = (
				9BA82818159D9F4500CEA110 /* TestSYPFramework */,
			);
		};
/* End PBXProject section */

/* Begin PBXReferenceProxy section */
		9BA8283C159D9F4C00CEA110 /* SYPFrameWork.framework */ = {
			isa = PBXReferenceProxy;
			fileType = wrapper.framework.static;
			path = SYPFrameWork.framework;
			remoteRef = 9BA8283B159D9F4C00CEA110 /* PBXContainerItemProxy */;
			sourceTree = BUILT_PRODUCTS_DIR;
		};
		9BA82C79159DB10800CEA110 /* GPUImage.framework */ = {
			isa = PBXReferenceProxy;
			fileType = wrapper.framework.static;
			path = GPUImage.framework;
			remoteRef = 9BA82C78159DB10800CEA110 /* PBXContainerItemProxy */;
			sourceTree = BUILT_PRODUCTS_DIR;
		};
/* End PBXReferenceProxy section */

/* Begin PBXResourcesBuildPhase section */
		9BA82817159D9F4500CEA110 /* Resources */ = {
			isa = PBXResourcesBuildPhase;
			buildActionMask = 2147483647;
			files = (
				9BA82828159D9F4500CEA110 /* InfoPlist.strings in Resources */,
			);
			runOnlyForDeploymentPostprocessing = 0;
		};
/* End PBXResourcesBuildPhase section */

/* Begin PBXSourcesBuildPhase section */
		9BA82815159D9F4500CEA110 /* Sources */ = {
			isa = PBXSourcesBuildPhase;
			buildActionMask = 2147483647;
			files = (
				9BA8282A159D9F4500CEA110 /* main.m in Sources */,
				9BA8282E159D9F4500CEA110 /* SYPAppDelegate.m in Sources */,
				9BA82C8A159DB25800CEA110 /* SYPTestGPUImageViewController.m in Sources */,
				9B4D2D9F15A1956C0010A9FE /* SYPImagePickerController.m in Sources */,
			);
			runOnlyForDeploymentPostprocessing = 0;
		};
/* End PBXSourcesBuildPhase section */

/* Begin PBXVariantGroup section */
		9BA82826159D9F4500CEA110 /* InfoPlist.strings */ = {
			isa = PBXVariantGroup;
			children = (
				9BA82827159D9F4500CEA110 /* en */,
			);
			name = InfoPlist.strings;
			sourceTree = "<group>";
		};
/* End PBXVariantGroup section */

/* Begin XCBuildConfiguration section */
		9BA8282F159D9F4500CEA110 /* Debug */ = {
			isa = XCBuildConfiguration;
			buildSettings = {
				ALWAYS_SEARCH_USER_PATHS = NO;
				ARCHS = "$(ARCHS_STANDARD_32_BIT)";
				"CODE_SIGN_IDENTITY[sdk=iphoneos*]" = "iPhone Developer";
				COPY_PHASE_STRIP = NO;
				GCC_C_LANGUAGE_STANDARD = gnu99;
				GCC_DYNAMIC_NO_PIC = NO;
				GCC_OPTIMIZATION_LEVEL = 0;
				GCC_PREPROCESSOR_DEFINITIONS = (
					"DEBUG=1",
					"$(inherited)",
				);
				GCC_SYMBOLS_PRIVATE_EXTERN = NO;
				GCC_VERSION = com.apple.compilers.llvm.clang.1_0;
				GCC_WARN_ABOUT_RETURN_TYPE = YES;
				GCC_WARN_UNINITIALIZED_AUTOS = YES;
				GCC_WARN_UNUSED_VARIABLE = YES;
				IPHONEOS_DEPLOYMENT_TARGET = 5.1;
				SDKROOT = iphoneos;
			};
			name = Debug;
		};
		9BA82830159D9F4500CEA110 /* Release */ = {
			isa = XCBuildConfiguration;
			buildSettings = {
				ALWAYS_SEARCH_USER_PATHS = NO;
				ARCHS = "$(ARCHS_STANDARD_32_BIT)";
				"CODE_SIGN_IDENTITY[sdk=iphoneos*]" = "iPhone Developer";
				COPY_PHASE_STRIP = YES;
				GCC_C_LANGUAGE_STANDARD = gnu99;
				GCC_VERSION = com.apple.compilers.llvm.clang.1_0;
				GCC_WARN_ABOUT_RETURN_TYPE = YES;
				GCC_WARN_UNINITIALIZED_AUTOS = YES;
				GCC_WARN_UNUSED_VARIABLE = YES;
				IPHONEOS_DEPLOYMENT_TARGET = 5.1;
				OTHER_CFLAGS = "-DNS_BLOCK_ASSERTIONS=1";
				SDKROOT = iphoneos;
				VALIDATE_PRODUCT = YES;
			};
			name = Release;
		};
		9BA82832159D9F4500CEA110 /* Debug */ = {
			isa = XCBuildConfiguration;
			buildSettings = {
				GCC_PRECOMPILE_PREFIX_HEADER = YES;
				GCC_PREFIX_HEADER = "TestSYPFramework/TestSYPFramework-Prefix.pch";
				INFOPLIST_FILE = "TestSYPFramework/TestSYPFramework-Info.plist";
				IPHONEOS_DEPLOYMENT_TARGET = 4.0;
				OTHER_LDFLAGS = (
					"-ObjC",
					"-all_load",
				);
				PRODUCT_NAME = "$(TARGET_NAME)";
				WRAPPER_EXTENSION = app;
			};
			name = Debug;
		};
		9BA82833159D9F4500CEA110 /* Release */ = {
			isa = XCBuildConfiguration;
			buildSettings = {
				GCC_PRECOMPILE_PREFIX_HEADER = YES;
				GCC_PREFIX_HEADER = "TestSYPFramework/TestSYPFramework-Prefix.pch";
				INFOPLIST_FILE = "TestSYPFramework/TestSYPFramework-Info.plist";
				IPHONEOS_DEPLOYMENT_TARGET = 4.0;
				OTHER_LDFLAGS = (
					"-ObjC",
					"-all_load",
				);
				PRODUCT_NAME = "$(TARGET_NAME)";
				WRAPPER_EXTENSION = app;
			};
			name = Release;
		};
/* End XCBuildConfiguration section */

/* Begin XCConfigurationList section */
		9BA82813159D9F4500CEA110 /* Build configuration list for PBXProject "TestSYPFrameWork" */ = {
			isa = XCConfigurationList;
			buildConfigurations = (
				9BA8282F159D9F4500CEA110 /* Debug */,
				9BA82830159D9F4500CEA110 /* Release */,
			);
			defaultConfigurationIsVisible = 0;
			defaultConfigurationName = Release;
		};
		9BA82831159D9F4500CEA110 /* Build configuration list for PBXNativeTarget "TestSYPFramework" */ = {
			isa = XCConfigurationList;
			buildConfigurations = (
				9BA82832159D9F4500CEA110 /* Debug */,
				9BA82833159D9F4500CEA110 /* Release */,
			);
			defaultConfigurationIsVisible = 0;
			defaultConfigurationName = Release;
		};
/* End XCConfigurationList section */
	};
	rootObject = 9BA82810159D9F4500CEA110 /* Project object */;
}
